
Microsoft Visual Studio Solution File, Format Version 12.00
# Visual Studio Version 17
VisualStudioVersion = 17.0.31611.283
MinimumVisualStudioVersion = 10.0.40219.1
Project("{9A19103F-16F7-4668-BE54-9A1E7A4F7556}") = "DemoCenter.Maui", "DemoCenter.Maui.csproj", "{16A98946-30FB-4B45-A630-FD4C82F90AA6}"
EndProject
Global
	GlobalSection(SolutionConfigurationPlatforms) = preSolution
		Debug|Any CPU = Debug|Any CPU
		Release|Any CPU = Release|Any CPU
	EndGlobalSection
	GlobalSection(ProjectConfigurationPlatforms) = postSolution
		{16A98946-30FB-4B45-A630-FD4C82F90AA6}.Debug|Any CPU.ActiveCfg = Debug|Any CPU
		{16A98946-30FB-4B45-A630-FD4C82F90AA6}.Debug|Any CPU.Build.0 = Debug|Any CPU
		{16A98946-30FB-4B45-A630-FD4C82F90AA6}.Debug|Any CPU.Deploy.0 = Debug|Any CPU
		{16A98946-30FB-4B45-A630-FD4C82F90AA6}.Release|Any CPU.ActiveCfg = Release|Any CPU
		{16A98946-30FB-4B45-A630-FD4C82F90AA6}.Release|Any CPU.Build.0 = Release|Any CPU
		{16A98946-30FB-4B45-A630-FD4C82F90AA6}.Release|Any CPU.Deploy.0 = Release|Any CPU
		{B647844A-2F66-4873-ADF2-65F55F1EDD51}.Debug|Any CPU.ActiveCfg = Debug|Any CPU
		{B647844A-2F66-4873-ADF2-65F55F1EDD51}.Debug|Any CPU.Build.0 = Debug|Any CPU
		{B647844A-2F66-4873-ADF2-65F55F1EDD51}.Release|Any CPU.ActiveCfg = Release|Any CPU
		{B647844A-2F66-4873-ADF2-65F55F1EDD51}.Release|Any CPU.Build.0 = Release|Any CPU
		{726D8182-71E0-4DDC-8BFD-511A2D2BB16A}.Debug|Any CPU.ActiveCfg = Debug|Any CPU
		{726D8182-71E0-4DDC-8BFD-511A2D2BB16A}.Debug|Any CPU.Build.0 = Debug|Any CPU
		{726D8182-71E0-4DDC-8BFD-511A2D2BB16A}.Release|Any CPU.ActiveCfg = Release|Any CPU
		{726D8182-71E0-4DDC-8BFD-511A2D2BB16A}.Release|Any CPU.Build.0 = Release|Any CPU
	EndGlobalSection
	GlobalSection(SolutionProperties) = preSolution
		HideSolutionNode = FALSE
	EndGlobalSection
	GlobalSection(ExtensibilityGlobals) = postSolution
		SolutionGuid = {61F7FB11-1E47-470C-91E2-47F8143E1572}
	EndGlobalSection
EndGlobal
